
Microsoft Visual Studio Solution File, Format Version 12.00
# Visual Studio Version 16
VisualStudioVersion = 16.0.31019.35
MinimumVisualStudioVersion = 10.0.40219.1
Project("{FAE04EC0-301F-11D3-BF4B-00C04F79EFBC}") = "BoltEcommerce.Android", "BoltEcommerce\BoltEcommerce.Android\BoltEcommerce.Android.csproj", "{C85A5C33-8315-4AE2-A19B-6228D54438D3}"
EndProject
Project("{FAE04EC0-301F-11D3-BF4B-00C04F79EFBC}") = "BoltEcommerce.iOS", "BoltEcommerce\BoltEcommerce.iOS\BoltEcommerce.iOS.csproj", "{4A460102-E5C5-4692-8877-A4E7FDDB0CCD}"
EndProject
Project("{FAE04EC0-301F-11D3-BF4B-00C04F79EFBC}") = "BoltEcommerce", "BoltEcommerce\BoltEcommerce\BoltEcommerce.csproj", "{965489BA-3C0B-40DB-8003-AE15261BDA6C}"
EndProject
Global
	GlobalSection(SolutionConfigurationPlatforms) = preSolution
		Debug|Any CPU = Debug|Any CPU
		Debug|iPhone = Debug|iPhone
		Debug|iPhoneSimulator = Debug|iPhoneSimulator
		Release|Any CPU = Release|Any CPU
		Release|iPhone = Release|iPhone
		Release|iPhoneSimulator = Release|iPhoneSimulator
	EndGlobalSection
	GlobalSection(ProjectConfigurationPlatforms) = postSolution
		{C85A5C33-8315-4AE2-A19B-6228D54438D3}.Debug|Any CPU.ActiveCfg = Debug|Any CPU
		{C85A5C33-8315-4AE2-A19B-6228D54438D3}.Debug|Any CPU.Build.0 = Debug|Any CPU
		{C85A5C33-8315-4AE2-A19B-6228D54438D3}.Debug|Any CPU.Deploy.0 = Debug|Any CPU
		{C85A5C33-8315-4AE2-A19B-6228D54438D3}.Debug|iPhone.ActiveCfg = Debug|Any CPU
		{C85A5C33-8315-4AE2-A19B-6228D54438D3}.Debug|iPhone.Build.0 = Debug|Any CPU
		{C85A5C33-8315-4AE2-A19B-6228D54438D3}.Debug|iPhone.Deploy.0 = Debug|Any CPU
		{C85A5C33-8315-4AE2-A19B-6228D54438D3}.Debug|iPhoneSimulator.ActiveCfg = Debug|Any CPU
		{C85A5C33-8315-4AE2-A19B-6228D54438D3}.Debug|iPhoneSimulator.Build.0 = Debug|Any CPU
		{C85A5C33-8315-4AE2-A19B-6228D54438D3}.Debug|iPhoneSimulator.Deploy.0 = Debug|Any CPU
		{C85A5C33-8315-4AE2-A19B-6228D54438D3}.Release|Any CPU.ActiveCfg = Release|Any CPU
		{C85A5C33-8315-4AE2-A19B-6228D54438D3}.Release|Any CPU.Build.0 = Release|Any CPU
		{C85A5C33-8315-4AE2-A19B-6228D54438D3}.Release|Any CPU.Deploy.0 = Release|Any CPU
		{C85A5C33-8315-4AE2-A19B-6228D54438D3}.Release|iPhone.ActiveCfg = Release|Any CPU
		{C85A5C33-8315-4AE2-A19B-6228D54438D3}.Release|iPhone.Build.0 = Release|Any CPU
		{C85A5C33-8315-4AE2-A19B-6228D54438D3}.Release|iPhone.Deploy.0 = Release|Any CPU
		{C85A5C33-8315-4AE2-A19B-6228D54438D3}.Release|iPhoneSimulator.ActiveCfg = Release|Any CPU
		{C85A5C33-8315-4AE2-A19B-6228D54438D3}.Release|iPhoneSimulator.Build.0 = Release|Any CPU
		{C85A5C33-8315-4AE2-A19B-6228D54438D3}.Release|iPhoneSimulator.Deploy.0 = Release|Any CPU
		{4A460102-E5C5-4692-8877-A4E7FDDB0CCD}.Debug|Any CPU.ActiveCfg = Debug|iPhone
		{4A460102-E5C5-4692-8877-A4E7FDDB0CCD}.Debug|Any CPU.Build.0 = Debug|iPhone
		{4A460102-E5C5-4692-8877-A4E7FDDB0CCD}.Debug|Any CPU.Deploy.0 = Debug|iPhone
		{4A460102-E5C5-4692-8877-A4E7FDDB0CCD}.Debug|iPhone.ActiveCfg = Debug|iPhone
		{4A460102-E5C5-4692-8877-A4E7FDDB0CCD}.Debug|iPhone.Build.0 = Debug|iPhone
		{4A460102-E5C5-4692-8877-A4E7FDDB0CCD}.Debug|iPhone.Deploy.0 = Debug|iPhone
		{4A460102-E5C5-4692-8877-A4E7FDDB0CCD}.Debug|iPhoneSimulator.ActiveCfg = Debug|iPhoneSimulator
		{4A460102-E5C5-4692-8877-A4E7FDDB0CCD}.Debug|iPhoneSimulator.Build.0 = Debug|iPhoneSimulator
		{4A460102-E5C5-4692-8877-A4E7FDDB0CCD}.Debug|iPhoneSimulator.Deploy.0 = Debug|iPhoneSimulator
		{4A460102-E5C5-4692-8877-A4E7FDDB0CCD}.Release|Any CPU.ActiveCfg = Release|iPhoneSimulator
		{4A460102-E5C5-4692-8877-A4E7FDDB0CCD}.Release|Any CPU.Build.0 = Release|iPhoneSimulator
		{4A460102-E5C5-4692-8877-A4E7FDDB0CCD}.Release|Any CPU.Deploy.0 = Release|iPhoneSimulator
		{4A460102-E5C5-4692-8877-A4E7FDDB0CCD}.Release|iPhone.ActiveCfg = Release|iPhone
		{4A460102-E5C5-4692-8877-A4E7FDDB0CCD}.Release|iPhone.Build.0 = Release|iPhone
		{4A460102-E5C5-4692-8877-A4E7FDDB0CCD}.Release|iPhone.Deploy.0 = Release|iPhone
		{4A460102-E5C5-4692-8877-A4E7FDDB0CCD}.Release|iPhoneSimulator.ActiveCfg = Release|iPhoneSimulator
		{4A460102-E5C5-4692-8877-A4E7FDDB0CCD}.Release|iPhoneSimulator.Build.0 = Release|iPhoneSimulator
		{4A460102-E5C5-4692-8877-A4E7FDDB0CCD}.Release|iPhoneSimulator.Deploy.0 = Release|iPhoneSimulator
		{965489BA-3C0B-40DB-8003-AE15261BDA6C}.Debug|Any CPU.ActiveCfg = Debug|Any CPU
		{965489BA-3C0B-40DB-8003-AE15261BDA6C}.Debug|Any CPU.Build.0 = Debug|Any CPU
		{965489BA-3C0B-40DB-8003-AE15261BDA6C}.Debug|Any CPU.Deploy.0 = Debug|Any CPU
		{965489BA-3C0B-40DB-8003-AE15261BDA6C}.Debug|iPhone.ActiveCfg = Debug|Any CPU
		{965489BA-3C0B-40DB-8003-AE15261BDA6C}.Debug|iPhone.Build.0 = Debug|Any CPU
		{965489BA-3C0B-40DB-8003-AE15261BDA6C}.Debug|iPhone.Deploy.0 = Debug|Any CPU
		{965489BA-3C0B-40DB-8003-AE15261BDA6C}.Debug|iPhoneSimulator.ActiveCfg = Debug|Any CPU
		{965489BA-3C0B-40DB-8003-AE15261BDA6C}.Debug|iPhoneSimulator.Build.0 = Debug|Any CPU
		{965489BA-3C0B-40DB-8003-AE15261BDA6C}.Debug|iPhoneSimulator.Deploy.0 = Debug|Any CPU
		{965489BA-3C0B-40DB-8003-AE15261BDA6C}.Release|Any CPU.ActiveCfg = Release|Any CPU
		{965489BA-3C0B-40DB-8003-AE15261BDA6C}.Release|Any CPU.Build.0 = Release|Any CPU
		{965489BA-3C0B-40DB-8003-AE15261BDA6C}.Release|Any CPU.Deploy.0 = Release|Any CPU
		{965489BA-3C0B-40DB-8003-AE15261BDA6C}.Release|iPhone.ActiveCfg = Release|Any CPU
		{965489BA-3C0B-40DB-8003-AE15261BDA6C}.Release|iPhone.Build.0 = Release|Any CPU
		{965489BA-3C0B-40DB-8003-AE15261BDA6C}.Release|iPhone.Deploy.0 = Release|Any CPU
		{965489BA-3C0B-40DB-8003-AE15261BDA6C}.Release|iPhoneSimulator.ActiveCfg = Release|Any CPU
		{965489BA-3C0B-40DB-8003-AE15261BDA6C}.Release|iPhoneSimulator.Build.0 = Release|Any CPU
		{965489BA-3C0B-40DB-8003-AE15261BDA6C}.Release|iPhoneSimulator.Deploy.0 = Release|Any CPU
	EndGlobalSection
	GlobalSection(SolutionProperties) = preSolution
		HideSolutionNode = FALSE
	EndGlobalSection
	GlobalSection(ExtensibilityGlobals) = postSolution
		SolutionGuid = {FFE2A792-4508-4DA2-941B-40BAE66586DD}
	EndGlobalSection
EndGlobal
